
Microsoft Visual Studio Solution File, Format Version 12.00
# Visual Studio Version 17
VisualStudioVersion = 17.4.33213.308
MinimumVisualStudioVersion = 10.0.40219.1
Project("{FAE04EC0-301F-11D3-BF4B-00C04F79EFBC}") = "ApiVersioning", "ApiVersioning\ApiVersioning.csproj", "{D6F67304-201A-41EB-9680-EF44FC33577E}"
EndProject
Global
	GlobalSection(SolutionConfigurationPlatforms) = preSolution
		Debug|Any CPU = Debug|Any CPU
		Release|Any CPU = Release|Any CPU
	EndGlobalSection
	GlobalSection(ProjectConfigurationPlatforms) = postSolution
		{D6F67304-201A-41EB-9680-EF44FC33577E}.Debug|Any CPU.ActiveCfg = Debug|Any CPU
		{D6F67304-201A-41EB-9680-EF44FC33577E}.Debug|Any CPU.Build.0 = Debug|Any CPU
		{D6F67304-201A-41EB-9680-EF44FC33577E}.Release|Any CPU.ActiveCfg = Release|Any CPU
		{D6F67304-201A-41EB-9680-EF44FC33577E}.Release|Any CPU.Build.0 = Release|Any CPU
	EndGlobalSection
	GlobalSection(SolutionProperties) = preSolution
		HideSolutionNode = FALSE
	EndGlobalSection
	GlobalSection(ExtensibilityGlobals) = postSolution
		SolutionGuid = {1732927A-2D69-48A5-9F20-5863F6F4298A}
	EndGlobalSection
EndGlobal
